
Microsoft Visual Studio Solution File, Format Version 12.00
# Visual Studio Version 16
VisualStudioVersion = 16.0.30114.105
MinimumVisualStudioVersion = 10.0.40219.1
Project("{FAE04EC0-301F-11D3-BF4B-00C04F79EFBC}") = "Askaiser.Marionette", "src\Askaiser.Marionette\Askaiser.Marionette.csproj", "{7C6CFAA8-5AD1-41AF-8826-4DB65E187776}"
EndProject
Project("{FAE04EC0-301F-11D3-BF4B-00C04F79EFBC}") = "Askaiser.Marionette.SourceGenerator", "src\Askaiser.Marionette.SourceGenerator\Askaiser.Marionette.SourceGenerator.csproj", "{DDAC5C6F-8F85-463F-A827-993CDD97882E}"
EndProject
Project("{FAE04EC0-301F-11D3-BF4B-00C04F79EFBC}") = "Askaiser.Marionette.Tests", "src\Askaiser.Marionette.Tests\Askaiser.Marionette.Tests.csproj", "{C2F4D552-7B7C-40E9-BA7E-109F36992F3E}"
EndProject
Global
	GlobalSection(SolutionConfigurationPlatforms) = preSolution
		Debug|Any CPU = Debug|Any CPU
		Debug|x64 = Debug|x64
		Debug|x86 = Debug|x86
		Release|Any CPU = Release|Any CPU
		Release|x64 = Release|x64
		Release|x86 = Release|x86
	EndGlobalSection
	GlobalSection(SolutionProperties) = preSolution
		HideSolutionNode = FALSE
	EndGlobalSection
	GlobalSection(ProjectConfigurationPlatforms) = postSolution
		{7C6CFAA8-5AD1-41AF-8826-4DB65E187776}.Debug|Any CPU.ActiveCfg = Debug|Any CPU
		{7C6CFAA8-5AD1-41AF-8826-4DB65E187776}.Debug|Any CPU.Build.0 = Debug|Any CPU
		{7C6CFAA8-5AD1-41AF-8826-4DB65E187776}.Debug|x64.ActiveCfg = Debug|Any CPU
		{7C6CFAA8-5AD1-41AF-8826-4DB65E187776}.Debug|x64.Build.0 = Debug|Any CPU
		{7C6CFAA8-5AD1-41AF-8826-4DB65E187776}.Debug|x86.ActiveCfg = Debug|Any CPU
		{7C6CFAA8-5AD1-41AF-8826-4DB65E187776}.Debug|x86.Build.0 = Debug|Any CPU
		{7C6CFAA8-5AD1-41AF-8826-4DB65E187776}.Release|Any CPU.ActiveCfg = Release|Any CPU
		{7C6CFAA8-5AD1-41AF-8826-4DB65E187776}.Release|Any CPU.Build.0 = Release|Any CPU
		{7C6CFAA8-5AD1-41AF-8826-4DB65E187776}.Release|x64.ActiveCfg = Release|Any CPU
		{7C6CFAA8-5AD1-41AF-8826-4DB65E187776}.Release|x64.Build.0 = Release|Any CPU
		{7C6CFAA8-5AD1-41AF-8826-4DB65E187776}.Release|x86.ActiveCfg = Release|Any CPU
		{7C6CFAA8-5AD1-41AF-8826-4DB65E187776}.Release|x86.Build.0 = Release|Any CPU
		{DDAC5C6F-8F85-463F-A827-993CDD97882E}.Debug|Any CPU.ActiveCfg = Debug|Any CPU
		{DDAC5C6F-8F85-463F-A827-993CDD97882E}.Debug|Any CPU.Build.0 = Debug|Any CPU
		{DDAC5C6F-8F85-463F-A827-993CDD97882E}.Debug|x64.ActiveCfg = Debug|Any CPU
		{DDAC5C6F-8F85-463F-A827-993CDD97882E}.Debug|x64.Build.0 = Debug|Any CPU
		{DDAC5C6F-8F85-463F-A827-993CDD97882E}.Debug|x86.ActiveCfg = Debug|Any CPU
		{DDAC5C6F-8F85-463F-A827-993CDD97882E}.Debug|x86.Build.0 = Debug|Any CPU
		{DDAC5C6F-8F85-463F-A827-993CDD97882E}.Release|Any CPU.ActiveCfg = Release|Any CPU
		{DDAC5C6F-8F85-463F-A827-993CDD97882E}.Release|Any CPU.Build.0 = Release|Any CPU
		{DDAC5C6F-8F85-463F-A827-993CDD97882E}.Release|x64.ActiveCfg = Release|Any CPU
		{DDAC5C6F-8F85-463F-A827-993CDD97882E}.Release|x64.Build.0 = Release|Any CPU
		{DDAC5C6F-8F85-463F-A827-993CDD97882E}.Release|x86.ActiveCfg = Release|Any CPU
		{DDAC5C6F-8F85-463F-A827-993CDD97882E}.Release|x86.Build.0 = Release|Any CPU
		{C2F4D552-7B7C-40E9-BA7E-109F36992F3E}.Debug|Any CPU.ActiveCfg = Debug|Any CPU
		{C2F4D552-7B7C-40E9-BA7E-109F36992F3E}.Debug|Any CPU.Build.0 = Debug|Any CPU
		{C2F4D552-7B7C-40E9-BA7E-109F36992F3E}.Debug|x64.ActiveCfg = Debug|Any CPU
		{C2F4D552-7B7C-40E9-BA7E-109F36992F3E}.Debug|x64.Build.0 = Debug|Any CPU
		{C2F4D552-7B7C-40E9-BA7E-109F36992F3E}.Debug|x86.ActiveCfg = Debug|Any CPU
		{C2F4D552-7B7C-40E9-BA7E-109F36992F3E}.Debug|x86.Build.0 = Debug|Any CPU
		{C2F4D552-7B7C-40E9-BA7E-109F36992F3E}.Release|Any CPU.ActiveCfg = Release|Any CPU
		{C2F4D552-7B7C-40E9-BA7E-109F36992F3E}.Release|Any CPU.Build.0 = Release|Any CPU
		{C2F4D552-7B7C-40E9-BA7E-109F36992F3E}.Release|x64.ActiveCfg = Release|Any CPU
		{C2F4D552-7B7C-40E9-BA7E-109F36992F3E}.Release|x64.Build.0 = Release|Any CPU
		{C2F4D552-7B7C-40E9-BA7E-109F36992F3E}.Release|x86.ActiveCfg = Release|Any CPU
		{C2F4D552-7B7C-40E9-BA7E-109F36992F3E}.Release|x86.Build.0 = Release|Any CPU
	EndGlobalSection
EndGlobal
